// !$*UTF8*$!
{
	archiveVersion = 1;
	classes = {
	};
	objectVersion = 56;
	objects = {

/* Begin PBXBuildFile section */
		7A2017AC2B978CE30020B9F4 /* SOMN_ExpenseTrackerApp.swift in Sources */ = {isa = PBXBuildFile; fileRef = 7A2017AB2B978CE30020B9F4 /* SOMN_ExpenseTrackerApp.swift */; };
		7A2017B02B978CE50020B9F4 /* Assets.xcassets in Resources */ = {isa = PBXBuildFile; fileRef = 7A2017AF2B978CE50020B9F4 /* Assets.xcassets */; };
		7A2017B42B978CE50020B9F4 /* Preview Assets.xcassets in Resources */ = {isa = PBXBuildFile; fileRef = 7A2017B32B978CE50020B9F4 /* Preview Assets.xcassets */; };
		7A2017BE2B978CE60020B9F4 /* SOMN_ExpenseTrackerTests.swift in Sources */ = {isa = PBXBuildFile; fileRef = 7A2017BD2B978CE60020B9F4 /* SOMN_ExpenseTrackerTests.swift */; };
		7A2017C82B978CE60020B9F4 /* SOMN_ExpenseTrackerUITests.swift in Sources */ = {isa = PBXBuildFile; fileRef = 7A2017C72B978CE60020B9F4 /* SOMN_ExpenseTrackerUITests.swift */; };
		7A2017CA2B978CE60020B9F4 /* SOMN_ExpenseTrackerUITestsLaunchTests.swift in Sources */ = {isa = PBXBuildFile; fileRef = 7A2017C92B978CE60020B9F4 /* SOMN_ExpenseTrackerUITestsLaunchTests.swift */; };
		7A2017D82B978E990020B9F4 /* OnboardingView.swift in Sources */ = {isa = PBXBuildFile; fileRef = 7A2017D72B978E990020B9F4 /* OnboardingView.swift */; };
		7A2017DD2B978F0B0020B9F4 /* Onboarding.swift in Sources */ = {isa = PBXBuildFile; fileRef = 7A2017DC2B978F0B0020B9F4 /* Onboarding.swift */; };
		7A2017E02B9795CA0020B9F4 /* Extenstions.swift in Sources */ = {isa = PBXBuildFile; fileRef = 7A2017DF2B9795CA0020B9F4 /* Extenstions.swift */; };
		7A2017E32B97B1560020B9F4 /* EntryView.swift in Sources */ = {isa = PBXBuildFile; fileRef = 7A2017E22B97B1560020B9F4 /* EntryView.swift */; };
		7A2017E62B97B8510020B9F4 /* SizeKey.swift in Sources */ = {isa = PBXBuildFile; fileRef = 7A2017E52B97B8510020B9F4 /* SizeKey.swift */; };
		7A2017EA2B97BBFA0020B9F4 /* CustomTextField.swift in Sources */ = {isa = PBXBuildFile; fileRef = 7A2017E92B97BBFA0020B9F4 /* CustomTextField.swift */; };
		7A2017EC2B97C2820020B9F4 /* OffesetKey.swift in Sources */ = {isa = PBXBuildFile; fileRef = 7A2017EB2B97C2820020B9F4 /* OffesetKey.swift */; };
		7A90025B2B97D9D000EA5773 /* HomeView.swift in Sources */ = {isa = PBXBuildFile; fileRef = 7A90025A2B97D9D000EA5773 /* HomeView.swift */; };
		7A90025D2B97DC0700EA5773 /* WelcomeScreen.swift in Sources */ = {isa = PBXBuildFile; fileRef = 7A90025C2B97DC0700EA5773 /* WelcomeScreen.swift */; };
		7A90025F2B97DD3B00EA5773 /* Constants.swift in Sources */ = {isa = PBXBuildFile; fileRef = 7A90025E2B97DD3B00EA5773 /* Constants.swift */; };
		7A9002612B97E03900EA5773 /* Tab.swift in Sources */ = {isa = PBXBuildFile; fileRef = 7A9002602B97E03900EA5773 /* Tab.swift */; };
		7A9002632B97E1AC00EA5773 /* TabBarView.swift in Sources */ = {isa = PBXBuildFile; fileRef = 7A9002622B97E1AC00EA5773 /* TabBarView.swift */; };
/* End PBXBuildFile section */

/* Begin PBXContainerItemProxy section */
		7A2017BA2B978CE60020B9F4 /* PBXContainerItemProxy */ = {
			isa = PBXContainerItemProxy;
			containerPortal = 7A2017A02B978CE30020B9F4 /* Project object */;
			proxyType = 1;
			remoteGlobalIDString = 7A2017A72B978CE30020B9F4;
			remoteInfo = "SOMN-ExpenseTracker";
		};
		7A2017C42B978CE60020B9F4 /* PBXContainerItemProxy */ = {
			isa = PBXContainerItemProxy;
			containerPortal = 7A2017A02B978CE30020B9F4 /* Project object */;
			proxyType = 1;
			remoteGlobalIDString = 7A2017A72B978CE30020B9F4;
			remoteInfo = "SOMN-ExpenseTracker";
		};
/* End PBXContainerItemProxy section */

/* Begin PBXFileReference section */
		7A2017A82B978CE30020B9F4 /* SOMN-ExpenseTracker.app */ = {isa = PBXFileReference; explicitFileType = wrapper.application; includeInIndex = 0; path = "SOMN-ExpenseTracker.app"; sourceTree = BUILT_PRODUCTS_DIR; };
		7A2017AB2B978CE30020B9F4 /* SOMN_ExpenseTrackerApp.swift */ = {isa = PBXFileReference; lastKnownFileType = sourcecode.swift; path = SOMN_ExpenseTrackerApp.swift; sourceTree = "<group>"; };
		7A2017AF2B978CE50020B9F4 /* Assets.xcassets */ = {isa = PBXFileReference; lastKnownFileType = folder.assetcatalog; path = Assets.xcassets; sourceTree = "<group>"; };
		7A2017B12B978CE50020B9F4 /* SOMN_ExpenseTracker.entitlements */ = {isa = PBXFileReference; lastKnownFileType = text.plist.entitlements; path = SOMN_ExpenseTracker.entitlements; sourceTree = "<group>"; };
		7A2017B32B978CE50020B9F4 /* Preview Assets.xcassets */ = {isa = PBXFileReference; lastKnownFileType = folder.assetcatalog; path = "Preview Assets.xcassets"; sourceTree = "<group>"; };
		7A2017B92B978CE60020B9F4 /* SOMN-ExpenseTrackerTests.xctest */ = {isa = PBXFileReference; explicitFileType = wrapper.cfbundle; includeInIndex = 0; path = "SOMN-ExpenseTrackerTests.xctest"; sourceTree = BUILT_PRODUCTS_DIR; };
		7A2017BD2B978CE60020B9F4 /* SOMN_ExpenseTrackerTests.swift */ = {isa = PBXFileReference; lastKnownFileType = sourcecode.swift; path = SOMN_ExpenseTrackerTests.swift; sourceTree = "<group>"; };
		7A2017C32B978CE60020B9F4 /* SOMN-ExpenseTrackerUITests.xctest */ = {isa = PBXFileReference; explicitFileType = wrapper.cfbundle; includeInIndex = 0; path = "SOMN-ExpenseTrackerUITests.xctest"; sourceTree = BUILT_PRODUCTS_DIR; };
		7A2017C72B978CE60020B9F4 /* SOMN_ExpenseTrackerUITests.swift */ = {isa = PBXFileReference; lastKnownFileType = sourcecode.swift; path = SOMN_ExpenseTrackerUITests.swift; sourceTree = "<group>"; };
		7A2017C92B978CE60020B9F4 /* SOMN_ExpenseTrackerUITestsLaunchTests.swift */ = {isa = PBXFileReference; lastKnownFileType = sourcecode.swift; path = SOMN_ExpenseTrackerUITestsLaunchTests.swift; sourceTree = "<group>"; };
		7A2017D72B978E990020B9F4 /* OnboardingView.swift */ = {isa = PBXFileReference; lastKnownFileType = sourcecode.swift; path = OnboardingView.swift; sourceTree = "<group>"; };
		7A2017DC2B978F0B0020B9F4 /* Onboarding.swift */ = {isa = PBXFileReference; lastKnownFileType = sourcecode.swift; path = Onboarding.swift; sourceTree = "<group>"; };
		7A2017DF2B9795CA0020B9F4 /* Extenstions.swift */ = {isa = PBXFileReference; lastKnownFileType = sourcecode.swift; path = Extenstions.swift; sourceTree = "<group>"; };
		7A2017E22B97B1560020B9F4 /* EntryView.swift */ = {isa = PBXFileReference; lastKnownFileType = sourcecode.swift; path = EntryView.swift; sourceTree = "<group>"; };
		7A2017E52B97B8510020B9F4 /* SizeKey.swift */ = {isa = PBXFileReference; lastKnownFileType = sourcecode.swift; path = SizeKey.swift; sourceTree = "<group>"; };
		7A2017E92B97BBFA0020B9F4 /* CustomTextField.swift */ = {isa = PBXFileReference; lastKnownFileType = sourcecode.swift; path = CustomTextField.swift; sourceTree = "<group>"; };
		7A2017EB2B97C2820020B9F4 /* OffesetKey.swift */ = {isa = PBXFileReference; lastKnownFileType = sourcecode.swift; path = OffesetKey.swift; sourceTree = "<group>"; };
		7A90025A2B97D9D000EA5773 /* HomeView.swift */ = {isa = PBXFileReference; lastKnownFileType = sourcecode.swift; path = HomeView.swift; sourceTree = "<group>"; };
		7A90025C2B97DC0700EA5773 /* WelcomeScreen.swift */ = {isa = PBXFileReference; lastKnownFileType = sourcecode.swift; path = WelcomeScreen.swift; sourceTree = "<group>"; };
		7A90025E2B97DD3B00EA5773 /* Constants.swift */ = {isa = PBXFileReference; lastKnownFileType = sourcecode.swift; path = Constants.swift; sourceTree = "<group>"; };
		7A9002602B97E03900EA5773 /* Tab.swift */ = {isa = PBXFileReference; lastKnownFileType = sourcecode.swift; path = Tab.swift; sourceTree = "<group>"; };
		7A9002622B97E1AC00EA5773 /* TabBarView.swift */ = {isa = PBXFileReference; lastKnownFileType = sourcecode.swift; path = TabBarView.swift; sourceTree = "<group>"; };
/* End PBXFileReference section */

/* Begin PBXFrameworksBuildPhase section */
		7A2017A52B978CE30020B9F4 /* Frameworks */ = {
			isa = PBXFrameworksBuildPhase;
			buildActionMask = 2147483647;
			files = (
			);
			runOnlyForDeploymentPostprocessing = 0;
		};
		7A2017B62B978CE60020B9F4 /* Frameworks */ = {
			isa = PBXFrameworksBuildPhase;
			buildActionMask = 2147483647;
			files = (
			);
			runOnlyForDeploymentPostprocessing = 0;
		};
		7A2017C02B978CE60020B9F4 /* Frameworks */ = {
			isa = PBXFrameworksBuildPhase;
			buildActionMask = 2147483647;
			files = (
			);
			runOnlyForDeploymentPostprocessing = 0;
		};
/* End PBXFrameworksBuildPhase section */

/* Begin PBXGroup section */
		7A20179F2B978CE30020B9F4 = {
			isa = PBXGroup;
			children = (
				7A2017AA2B978CE30020B9F4 /* SOMN-ExpenseTracker */,
				7A2017BC2B978CE60020B9F4 /* SOMN-ExpenseTrackerTests */,
				7A2017C62B978CE60020B9F4 /* SOMN-ExpenseTrackerUITests */,
				7A2017A92B978CE30020B9F4 /* Products */,
			);
			sourceTree = "<group>";
		};
		7A2017A92B978CE30020B9F4 /* Products */ = {
			isa = PBXGroup;
			children = (
				7A2017A82B978CE30020B9F4 /* SOMN-ExpenseTracker.app */,
				7A2017B92B978CE60020B9F4 /* SOMN-ExpenseTrackerTests.xctest */,
				7A2017C32B978CE60020B9F4 /* SOMN-ExpenseTrackerUITests.xctest */,
			);
			name = Products;
			sourceTree = "<group>";
		};
		7A2017AA2B978CE30020B9F4 /* SOMN-ExpenseTracker */ = {
			isa = PBXGroup;
			children = (
				7A2017AB2B978CE30020B9F4 /* SOMN_ExpenseTrackerApp.swift */,
				7A2017AF2B978CE50020B9F4 /* Assets.xcassets */,
				7A2017B12B978CE50020B9F4 /* SOMN_ExpenseTracker.entitlements */,
				7A2017E42B97B83D0020B9F4 /* Helpers */,
				7A2017DE2B9795B50020B9F4 /* Extensions */,
				7A2017DB2B978EED0020B9F4 /* Model */,
				7A2017DA2B978EA70020B9F4 /* View */,
				7A2017B22B978CE50020B9F4 /* Preview Content */,
			);
			path = "SOMN-ExpenseTracker";
			sourceTree = "<group>";
		};
		7A2017B22B978CE50020B9F4 /* Preview Content */ = {
			isa = PBXGroup;
			children = (
				7A2017B32B978CE50020B9F4 /* Preview Assets.xcassets */,
			);
			path = "Preview Content";
			sourceTree = "<group>";
		};
		7A2017BC2B978CE60020B9F4 /* SOMN-ExpenseTrackerTests */ = {
			isa = PBXGroup;
			children = (
				7A2017BD2B978CE60020B9F4 /* SOMN_ExpenseTrackerTests.swift */,
			);
			path = "SOMN-ExpenseTrackerTests";
			sourceTree = "<group>";
		};
		7A2017C62B978CE60020B9F4 /* SOMN-ExpenseTrackerUITests */ = {
			isa = PBXGroup;
			children = (
				7A2017C72B978CE60020B9F4 /* SOMN_ExpenseTrackerUITests.swift */,
				7A2017C92B978CE60020B9F4 /* SOMN_ExpenseTrackerUITestsLaunchTests.swift */,
			);
			path = "SOMN-ExpenseTrackerUITests";
			sourceTree = "<group>";
		};
		7A2017D62B978E7E0020B9F4 /* Onboarding */ = {
			isa = PBXGroup;
			children = (
				7A2017D72B978E990020B9F4 /* OnboardingView.swift */,
				7A90025C2B97DC0700EA5773 /* WelcomeScreen.swift */,
			);
			path = Onboarding;
			sourceTree = "<group>";
		};
		7A2017DA2B978EA70020B9F4 /* View */ = {
			isa = PBXGroup;
			children = (
				7A2017D62B978E7E0020B9F4 /* Onboarding */,
				7A2017E12B97B1170020B9F4 /* EntryView */,
				7A9002592B97D9AD00EA5773 /* Home */,
				7A9002642B97E1BB00EA5773 /* TabBar */,
			);
			path = View;
			sourceTree = "<group>";
		};
		7A2017DB2B978EED0020B9F4 /* Model */ = {
			isa = PBXGroup;
			children = (
				7A2017DC2B978F0B0020B9F4 /* Onboarding.swift */,
				7A9002602B97E03900EA5773 /* Tab.swift */,
			);
			path = Model;
			sourceTree = "<group>";
		};
		7A2017DE2B9795B50020B9F4 /* Extensions */ = {
			isa = PBXGroup;
			children = (
				7A2017DF2B9795CA0020B9F4 /* Extenstions.swift */,
			);
			path = Extensions;
			sourceTree = "<group>";
		};
		7A2017E12B97B1170020B9F4 /* EntryView */ = {
			isa = PBXGroup;
			children = (
				7A2017E22B97B1560020B9F4 /* EntryView.swift */,
			);
			path = EntryView;
			sourceTree = "<group>";
		};
		7A2017E42B97B83D0020B9F4 /* Helpers */ = {
			isa = PBXGroup;
			children = (
				7A2017E52B97B8510020B9F4 /* SizeKey.swift */,
				7A2017E92B97BBFA0020B9F4 /* CustomTextField.swift */,
				7A2017EB2B97C2820020B9F4 /* OffesetKey.swift */,
				7A90025E2B97DD3B00EA5773 /* Constants.swift */,
			);
			path = Helpers;
			sourceTree = "<group>";
		};
		7A9002592B97D9AD00EA5773 /* Home */ = {
			isa = PBXGroup;
			children = (
				7A90025A2B97D9D000EA5773 /* HomeView.swift */,
			);
			path = Home;
			sourceTree = "<group>";
		};
		7A9002642B97E1BB00EA5773 /* TabBar */ = {
			isa = PBXGroup;
			children = (
				7A9002622B97E1AC00EA5773 /* TabBarView.swift */,
			);
			path = TabBar;
			sourceTree = "<group>";
		};
/* End PBXGroup section */

/* Begin PBXNativeTarget section */
		7A2017A72B978CE30020B9F4 /* SOMN-ExpenseTracker */ = {
			isa = PBXNativeTarget;
			buildConfigurationList = 7A2017CD2B978CE60020B9F4 /* Build configuration list for PBXNativeTarget "SOMN-ExpenseTracker" */;
			buildPhases = (
				7A2017A42B978CE30020B9F4 /* Sources */,
				7A2017A52B978CE30020B9F4 /* Frameworks */,
				7A2017A62B978CE30020B9F4 /* Resources */,
			);
			buildRules = (
			);
			dependencies = (
			);
			name = "SOMN-ExpenseTracker";
			productName = "SOMN-ExpenseTracker";
			productReference = 7A2017A82B978CE30020B9F4 /* SOMN-ExpenseTracker.app */;
			productType = "com.apple.product-type.application";
		};
		7A2017B82B978CE60020B9F4 /* SOMN-ExpenseTrackerTests */ = {
			isa = PBXNativeTarget;
			buildConfigurationList = 7A2017D02B978CE60020B9F4 /* Build configuration list for PBXNativeTarget "SOMN-ExpenseTrackerTests" */;
			buildPhases = (
				7A2017B52B978CE60020B9F4 /* Sources */,
				7A2017B62B978CE60020B9F4 /* Frameworks */,
				7A2017B72B978CE60020B9F4 /* Resources */,
			);
			buildRules = (
			);
			dependencies = (
				7A2017BB2B978CE60020B9F4 /* PBXTargetDependency */,
			);
			name = "SOMN-ExpenseTrackerTests";
			productName = "SOMN-ExpenseTrackerTests";
			productReference = 7A2017B92B978CE60020B9F4 /* SOMN-ExpenseTrackerTests.xctest */;
			productType = "com.apple.product-type.bundle.unit-test";
		};
		7A2017C22B978CE60020B9F4 /* SOMN-ExpenseTrackerUITests */ = {
			isa = PBXNativeTarget;
			buildConfigurationList = 7A2017D32B978CE60020B9F4 /* Build configuration list for PBXNativeTarget "SOMN-ExpenseTrackerUITests" */;
			buildPhases = (
				7A2017BF2B978CE60020B9F4 /* Sources */,
				7A2017C02B978CE60020B9F4 /* Frameworks */,
				7A2017C12B978CE60020B9F4 /* Resources */,
			);
			buildRules = (
			);
			dependencies = (
				7A2017C52B978CE60020B9F4 /* PBXTargetDependency */,
			);
			name = "SOMN-ExpenseTrackerUITests";
			productName = "SOMN-ExpenseTrackerUITests";
			productReference = 7A2017C32B978CE60020B9F4 /* SOMN-ExpenseTrackerUITests.xctest */;
			productType = "com.apple.product-type.bundle.ui-testing";
		};
/* End PBXNativeTarget section */

/* Begin PBXProject section */
		7A2017A02B978CE30020B9F4 /* Project object */ = {
			isa = PBXProject;
			attributes = {
				BuildIndependentTargetsInParallel = 1;
				LastSwiftUpdateCheck = 1520;
				LastUpgradeCheck = 1520;
				TargetAttributes = {
					7A2017A72B978CE30020B9F4 = {
						CreatedOnToolsVersion = 15.2;
					};
					7A2017B82B978CE60020B9F4 = {
						CreatedOnToolsVersion = 15.2;
						TestTargetID = 7A2017A72B978CE30020B9F4;
					};
					7A2017C22B978CE60020B9F4 = {
						CreatedOnToolsVersion = 15.2;
						TestTargetID = 7A2017A72B978CE30020B9F4;
					};
				};
			};
			buildConfigurationList = 7A2017A32B978CE30020B9F4 /* Build configuration list for PBXProject "SOMN-ExpenseTracker" */;
			compatibilityVersion = "Xcode 14.0";
			developmentRegion = en;
			hasScannedForEncodings = 0;
			knownRegions = (
				en,
				Base,
			);
			mainGroup = 7A20179F2B978CE30020B9F4;
			productRefGroup = 7A2017A92B978CE30020B9F4 /* Products */;
			projectDirPath = "";
			projectRoot = "";
			targets = (
				7A2017A72B978CE30020B9F4 /* SOMN-ExpenseTracker */,
				7A2017B82B978CE60020B9F4 /* SOMN-ExpenseTrackerTests */,
				7A2017C22B978CE60020B9F4 /* SOMN-ExpenseTrackerUITests */,
			);
		};
/* End PBXProject section */

/* Begin PBXResourcesBuildPhase section */
		7A2017A62B978CE30020B9F4 /* Resources */ = {
			isa = PBXResourcesBuildPhase;
			buildActionMask = 2147483647;
			files = (
				7A2017B42B978CE50020B9F4 /* Preview Assets.xcassets in Resources */,
				7A2017B02B978CE50020B9F4 /* Assets.xcassets in Resources */,
			);
			runOnlyForDeploymentPostprocessing = 0;
		};
		7A2017B72B978CE60020B9F4 /* Resources */ = {
			isa = PBXResourcesBuildPhase;
			buildActionMask = 2147483647;
			files = (
			);
			runOnlyForDeploymentPostprocessing = 0;
		};
		7A2017C12B978CE60020B9F4 /* Resources */ = {
			isa = PBXResourcesBuildPhase;
			buildActionMask = 2147483647;
			files = (
			);
			runOnlyForDeploymentPostprocessing = 0;
		};
/* End PBXResourcesBuildPhase section */

/* Begin PBXSourcesBuildPhase section */
		7A2017A42B978CE30020B9F4 /* Sources */ = {
			isa = PBXSourcesBuildPhase;
			buildActionMask = 2147483647;
			files = (
				7A2017D82B978E990020B9F4 /* OnboardingView.swift in Sources */,
				7A2017E02B9795CA0020B9F4 /* Extenstions.swift in Sources */,
				7A90025B2B97D9D000EA5773 /* HomeView.swift in Sources */,
				7A9002632B97E1AC00EA5773 /* TabBarView.swift in Sources */,
				7A2017EC2B97C2820020B9F4 /* OffesetKey.swift in Sources */,
				7A2017DD2B978F0B0020B9F4 /* Onboarding.swift in Sources */,
				7A2017EA2B97BBFA0020B9F4 /* CustomTextField.swift in Sources */,
				7A9002612B97E03900EA5773 /* Tab.swift in Sources */,
				7A90025D2B97DC0700EA5773 /* WelcomeScreen.swift in Sources */,
				7A2017AC2B978CE30020B9F4 /* SOMN_ExpenseTrackerApp.swift in Sources */,
				7A2017E32B97B1560020B9F4 /* EntryView.swift in Sources */,
				7A2017E62B97B8510020B9F4 /* SizeKey.swift in Sources */,
				7A90025F2B97DD3B00EA5773 /* Constants.swift in Sources */,
			);
			runOnlyForDeploymentPostprocessing = 0;
		};
		7A2017B52B978CE60020B9F4 /* Sources */ = {
			isa = PBXSourcesBuildPhase;
			buildActionMask = 2147483647;
			files = (
				7A2017BE2B978CE60020B9F4 /* SOMN_ExpenseTrackerTests.swift in Sources */,
			);
			runOnlyForDeploymentPostprocessing = 0;
		};
		7A2017BF2B978CE60020B9F4 /* Sources */ = {
			isa = PBXSourcesBuildPhase;
			buildActionMask = 2147483647;
			files = (
				7A2017C82B978CE60020B9F4 /* SOMN_ExpenseTrackerUITests.swift in Sources */,
				7A2017CA2B978CE60020B9F4 /* SOMN_ExpenseTrackerUITestsLaunchTests.swift in Sources */,
			);
			runOnlyForDeploymentPostprocessing = 0;
		};
/* End PBXSourcesBuildPhase section */

/* Begin PBXTargetDependency section */
		7A2017BB2B978CE60020B9F4 /* PBXTargetDependency */ = {
			isa = PBXTargetDependency;
			target = 7A2017A72B978CE30020B9F4 /* SOMN-ExpenseTracker */;
			targetProxy = 7A2017BA2B978CE60020B9F4 /* PBXContainerItemProxy */;
		};
		7A2017C52B978CE60020B9F4 /* PBXTargetDependency */ = {
			isa = PBXTargetDependency;
			target = 7A2017A72B978CE30020B9F4 /* SOMN-ExpenseTracker */;
			targetProxy = 7A2017C42B978CE60020B9F4 /* PBXContainerItemProxy */;
		};
/* End PBXTargetDependency section */

/* Begin XCBuildConfiguration section */
		7A2017CB2B978CE60020B9F4 /* Debug */ = {
			isa = XCBuildConfiguration;
			buildSettings = {
				ALWAYS_SEARCH_USER_PATHS = NO;
				ASSETCATALOG_COMPILER_GENERATE_SWIFT_ASSET_SYMBOL_EXTENSIONS = YES;
				CLANG_ANALYZER_NONNULL = YES;
				CLANG_ANALYZER_NUMBER_OBJECT_CONVERSION = YES_AGGRESSIVE;
				CLANG_CXX_LANGUAGE_STANDARD = "gnu++20";
				CLANG_ENABLE_MODULES = YES;
				CLANG_ENABLE_OBJC_ARC = YES;
				CLANG_ENABLE_OBJC_WEAK = YES;
				CLANG_WARN_BLOCK_CAPTURE_AUTORELEASING = YES;
				CLANG_WARN_BOOL_CONVERSION = YES;
				CLANG_WARN_COMMA = YES;
				CLANG_WARN_CONSTANT_CONVERSION = YES;
				CLANG_WARN_DEPRECATED_OBJC_IMPLEMENTATIONS = YES;
				CLANG_WARN_DIRECT_OBJC_ISA_USAGE = YES_ERROR;
				CLANG_WARN_DOCUMENTATION_COMMENTS = YES;
				CLANG_WARN_EMPTY_BODY = YES;
				CLANG_WARN_ENUM_CONVERSION = YES;
				CLANG_WARN_INFINITE_RECURSION = YES;
				CLANG_WARN_INT_CONVERSION = YES;
				CLANG_WARN_NON_LITERAL_NULL_CONVERSION = YES;
				CLANG_WARN_OBJC_IMPLICIT_RETAIN_SELF = YES;
				CLANG_WARN_OBJC_LITERAL_CONVERSION = YES;
				CLANG_WARN_OBJC_ROOT_CLASS = YES_ERROR;
				CLANG_WARN_QUOTED_INCLUDE_IN_FRAMEWORK_HEADER = YES;
				CLANG_WARN_RANGE_LOOP_ANALYSIS = YES;
				CLANG_WARN_STRICT_PROTOTYPES = YES;
				CLANG_WARN_SUSPICIOUS_MOVE = YES;
				CLANG_WARN_UNGUARDED_AVAILABILITY = YES_AGGRESSIVE;
				CLANG_WARN_UNREACHABLE_CODE = YES;
				CLANG_WARN__DUPLICATE_METHOD_MATCH = YES;
				COPY_PHASE_STRIP = NO;
				DEBUG_INFORMATION_FORMAT = dwarf;
				ENABLE_STRICT_OBJC_MSGSEND = YES;
				ENABLE_TESTABILITY = YES;
				ENABLE_USER_SCRIPT_SANDBOXING = YES;
				GCC_C_LANGUAGE_STANDARD = gnu17;
				GCC_DYNAMIC_NO_PIC = NO;
				GCC_NO_COMMON_BLOCKS = YES;
				GCC_OPTIMIZATION_LEVEL = 0;
				GCC_PREPROCESSOR_DEFINITIONS = (
					"DEBUG=1",
					"$(inherited)",
				);
				GCC_WARN_64_TO_32_BIT_CONVERSION = YES;
				GCC_WARN_ABOUT_RETURN_TYPE = YES_ERROR;
				GCC_WARN_UNDECLARED_SELECTOR = YES;
				GCC_WARN_UNINITIALIZED_AUTOS = YES_AGGRESSIVE;
				GCC_WARN_UNUSED_FUNCTION = YES;
				GCC_WARN_UNUSED_VARIABLE = YES;
				LOCALIZATION_PREFERS_STRING_CATALOGS = YES;
				MTL_ENABLE_DEBUG_INFO = INCLUDE_SOURCE;
				MTL_FAST_MATH = YES;
				ONLY_ACTIVE_ARCH = YES;
				SWIFT_ACTIVE_COMPILATION_CONDITIONS = "DEBUG $(inherited)";
				SWIFT_OPTIMIZATION_LEVEL = "-Onone";
			};
			name = Debug;
		};
		7A2017CC2B978CE60020B9F4 /* Release */ = {
			isa = XCBuildConfiguration;
			buildSettings = {
				ALWAYS_SEARCH_USER_PATHS = NO;
				ASSETCATALOG_COMPILER_GENERATE_SWIFT_ASSET_SYMBOL_EXTENSIONS = YES;
				CLANG_ANALYZER_NONNULL = YES;
				CLANG_ANALYZER_NUMBER_OBJECT_CONVERSION = YES_AGGRESSIVE;
				CLANG_CXX_LANGUAGE_STANDARD = "gnu++20";
				CLANG_ENABLE_MODULES = YES;
				CLANG_ENABLE_OBJC_ARC = YES;
				CLANG_ENABLE_OBJC_WEAK = YES;
				CLANG_WARN_BLOCK_CAPTURE_AUTORELEASING = YES;
				CLANG_WARN_BOOL_CONVERSION = YES;
				CLANG_WARN_COMMA = YES;
				CLANG_WARN_CONSTANT_CONVERSION = YES;
				CLANG_WARN_DEPRECATED_OBJC_IMPLEMENTATIONS = YES;
				CLANG_WARN_DIRECT_OBJC_ISA_USAGE = YES_ERROR;
				CLANG_WARN_DOCUMENTATION_COMMENTS = YES;
				CLANG_WARN_EMPTY_BODY = YES;
				CLANG_WARN_ENUM_CONVERSION = YES;
				CLANG_WARN_INFINITE_RECURSION = YES;
				CLANG_WARN_INT_CONVERSION = YES;
				CLANG_WARN_NON_LITERAL_NULL_CONVERSION = YES;
				CLANG_WARN_OBJC_IMPLICIT_RETAIN_SELF = YES;
				CLANG_WARN_OBJC_LITERAL_CONVERSION = YES;
				CLANG_WARN_OBJC_ROOT_CLASS = YES_ERROR;
				CLANG_WARN_QUOTED_INCLUDE_IN_FRAMEWORK_HEADER = YES;
				CLANG_WARN_RANGE_LOOP_ANALYSIS = YES;
				CLANG_WARN_STRICT_PROTOTYPES = YES;
				CLANG_WARN_SUSPICIOUS_MOVE = YES;
				CLANG_WARN_UNGUARDED_AVAILABILITY = YES_AGGRESSIVE;
				CLANG_WARN_UNREACHABLE_CODE = YES;
				CLANG_WARN__DUPLICATE_METHOD_MATCH = YES;
				COPY_PHASE_STRIP = NO;
				DEBUG_INFORMATION_FORMAT = "dwarf-with-dsym";
				ENABLE_NS_ASSERTIONS = NO;
				ENABLE_STRICT_OBJC_MSGSEND = YES;
				ENABLE_USER_SCRIPT_SANDBOXING = YES;
				GCC_C_LANGUAGE_STANDARD = gnu17;
				GCC_NO_COMMON_BLOCKS = YES;
				GCC_WARN_64_TO_32_BIT_CONVERSION = YES;
				GCC_WARN_ABOUT_RETURN_TYPE = YES_ERROR;
				GCC_WARN_UNDECLARED_SELECTOR = YES;
				GCC_WARN_UNINITIALIZED_AUTOS = YES_AGGRESSIVE;
				GCC_WARN_UNUSED_FUNCTION = YES;
				GCC_WARN_UNUSED_VARIABLE = YES;
				LOCALIZATION_PREFERS_STRING_CATALOGS = YES;
				MTL_ENABLE_DEBUG_INFO = NO;
				MTL_FAST_MATH = YES;
				SWIFT_COMPILATION_MODE = wholemodule;
			};
			name = Release;
		};
		7A2017CE2B978CE60020B9F4 /* Debug */ = {
			isa = XCBuildConfiguration;
			buildSettings = {
				ASSETCATALOG_COMPILER_APPICON_NAME = AppIcon;
				ASSETCATALOG_COMPILER_GLOBAL_ACCENT_COLOR_NAME = AccentColor;
				CODE_SIGN_ENTITLEMENTS = "SOMN-ExpenseTracker/SOMN_ExpenseTracker.entitlements";
				CODE_SIGN_STYLE = Automatic;
				CURRENT_PROJECT_VERSION = 1;
				DEVELOPMENT_ASSET_PATHS = "\"SOMN-ExpenseTracker/Preview Content\"";
				DEVELOPMENT_TEAM = GNWJZ9ZPJP;
				ENABLE_HARDENED_RUNTIME = YES;
				ENABLE_PREVIEWS = YES;
				GENERATE_INFOPLIST_FILE = YES;
				"INFOPLIST_KEY_UIApplicationSceneManifest_Generation[sdk=iphoneos*]" = YES;
				"INFOPLIST_KEY_UIApplicationSceneManifest_Generation[sdk=iphonesimulator*]" = YES;
				"INFOPLIST_KEY_UIApplicationSupportsIndirectInputEvents[sdk=iphoneos*]" = YES;
				"INFOPLIST_KEY_UIApplicationSupportsIndirectInputEvents[sdk=iphonesimulator*]" = YES;
				"INFOPLIST_KEY_UILaunchScreen_Generation[sdk=iphoneos*]" = YES;
				"INFOPLIST_KEY_UILaunchScreen_Generation[sdk=iphonesimulator*]" = YES;
				"INFOPLIST_KEY_UIStatusBarStyle[sdk=iphoneos*]" = UIStatusBarStyleDefault;
				"INFOPLIST_KEY_UIStatusBarStyle[sdk=iphonesimulator*]" = UIStatusBarStyleDefault;
				INFOPLIST_KEY_UISupportedInterfaceOrientations_iPad = "UIInterfaceOrientationPortrait UIInterfaceOrientationPortraitUpsideDown UIInterfaceOrientationLandscapeLeft UIInterfaceOrientationLandscapeRight";
				INFOPLIST_KEY_UISupportedInterfaceOrientations_iPhone = "UIInterfaceOrientationPortrait UIInterfaceOrientationLandscapeLeft UIInterfaceOrientationLandscapeRight";
				IPHONEOS_DEPLOYMENT_TARGET = 17.2;
				LD_RUNPATH_SEARCH_PATHS = "@executable_path/Frameworks";
				"LD_RUNPATH_SEARCH_PATHS[sdk=macosx*]" = "@executable_path/../Frameworks";
				MACOSX_DEPLOYMENT_TARGET = 14.2;
				MARKETING_VERSION = 1.0;
				PRODUCT_BUNDLE_IDENTIFIER = "com.sihleNtuli.SOMN-ExpenseTracker";
				PRODUCT_NAME = "$(TARGET_NAME)";
				SDKROOT = auto;
				SUPPORTED_PLATFORMS = "iphoneos iphonesimulator macosx";
				SWIFT_EMIT_LOC_STRINGS = YES;
				SWIFT_VERSION = 5.0;
				TARGETED_DEVICE_FAMILY = "1,2";
			};
			name = Debug;
		};
		7A2017CF2B978CE60020B9F4 /* Release */ = {
			isa = XCBuildConfiguration;
			buildSettings = {
				ASSETCATALOG_COMPILER_APPICON_NAME = AppIcon;
				ASSETCATALOG_COMPILER_GLOBAL_ACCENT_COLOR_NAME = AccentColor;
				CODE_SIGN_ENTITLEMENTS = "SOMN-ExpenseTracker/SOMN_ExpenseTracker.entitlements";
				CODE_SIGN_STYLE = Automatic;
				CURRENT_PROJECT_VERSION = 1;
				DEVELOPMENT_ASSET_PATHS = "\"SOMN-ExpenseTracker/Preview Content\"";
				DEVELOPMENT_TEAM = GNWJZ9ZPJP;
				ENABLE_HARDENED_RUNTIME = YES;
				ENABLE_PREVIEWS = YES;
				GENERATE_INFOPLIST_FILE = YES;
				"INFOPLIST_KEY_UIApplicationSceneManifest_Generation[sdk=iphoneos*]" = YES;
				"INFOPLIST_KEY_UIApplicationSceneManifest_Generation[sdk=iphonesimulator*]" = YES;
				"INFOPLIST_KEY_UIApplicationSupportsIndirectInputEvents[sdk=iphoneos*]" = YES;
				"INFOPLIST_KEY_UIApplicationSupportsIndirectInputEvents[sdk=iphonesimulator*]" = YES;
				"INFOPLIST_KEY_UILaunchScreen_Generation[sdk=iphoneos*]" = YES;
				"INFOPLIST_KEY_UILaunchScreen_Generation[sdk=iphonesimulator*]" = YES;
				"INFOPLIST_KEY_UIStatusBarStyle[sdk=iphoneos*]" = UIStatusBarStyleDefault;
				"INFOPLIST_KEY_UIStatusBarStyle[sdk=iphonesimulator*]" = UIStatusBarStyleDefault;
				INFOPLIST_KEY_UISupportedInterfaceOrientations_iPad = "UIInterfaceOrientationPortrait UIInterfaceOrientationPortraitUpsideDown UIInterfaceOrientationLandscapeLeft UIInterfaceOrientationLandscapeRight";
				INFOPLIST_KEY_UISupportedInterfaceOrientations_iPhone = "UIInterfaceOrientationPortrait UIInterfaceOrientationLandscapeLeft UIInterfaceOrientationLandscapeRight";
				IPHONEOS_DEPLOYMENT_TARGET = 17.2;
				LD_RUNPATH_SEARCH_PATHS = "@executable_path/Frameworks";
				"LD_RUNPATH_SEARCH_PATHS[sdk=macosx*]" = "@executable_path/../Frameworks";
				MACOSX_DEPLOYMENT_TARGET = 14.2;
				MARKETING_VERSION = 1.0;
				PRODUCT_BUNDLE_IDENTIFIER = "com.sihleNtuli.SOMN-ExpenseTracker";
				PRODUCT_NAME = "$(TARGET_NAME)";
				SDKROOT = auto;
				SUPPORTED_PLATFORMS = "iphoneos iphonesimulator macosx";
				SWIFT_EMIT_LOC_STRINGS = YES;
				SWIFT_VERSION = 5.0;
				TARGETED_DEVICE_FAMILY = "1,2";
			};
			name = Release;
		};
		7A2017D12B978CE60020B9F4 /* Debug */ = {
			isa = XCBuildConfiguration;
			buildSettings = {
				ALWAYS_EMBED_SWIFT_STANDARD_LIBRARIES = YES;
				BUNDLE_LOADER = "$(TEST_HOST)";
				CODE_SIGN_STYLE = Automatic;
				CURRENT_PROJECT_VERSION = 1;
				DEVELOPMENT_TEAM = GNWJZ9ZPJP;
				GENERATE_INFOPLIST_FILE = YES;
				IPHONEOS_DEPLOYMENT_TARGET = 17.2;
				MACOSX_DEPLOYMENT_TARGET = 14.2;
				MARKETING_VERSION = 1.0;
				PRODUCT_BUNDLE_IDENTIFIER = "com.sihleNtuli.SOMN-ExpenseTrackerTests";
				PRODUCT_NAME = "$(TARGET_NAME)";
				SDKROOT = auto;
				SUPPORTED_PLATFORMS = "iphoneos iphonesimulator macosx";
				SWIFT_EMIT_LOC_STRINGS = NO;
				SWIFT_VERSION = 5.0;
				TARGETED_DEVICE_FAMILY = "1,2";
				TEST_HOST = "$(BUILT_PRODUCTS_DIR)/SOMN-ExpenseTracker.app/$(BUNDLE_EXECUTABLE_FOLDER_PATH)/SOMN-ExpenseTracker";
			};
			name = Debug;
		};
		7A2017D22B978CE60020B9F4 /* Release */ = {
			isa = XCBuildConfiguration;
			buildSettings = {
				ALWAYS_EMBED_SWIFT_STANDARD_LIBRARIES = YES;
				BUNDLE_LOADER = "$(TEST_HOST)";
				CODE_SIGN_STYLE = Automatic;
				CURRENT_PROJECT_VERSION = 1;
				DEVELOPMENT_TEAM = GNWJZ9ZPJP;
				GENERATE_INFOPLIST_FILE = YES;
				IPHONEOS_DEPLOYMENT_TARGET = 17.2;
				MACOSX_DEPLOYMENT_TARGET = 14.2;
				MARKETING_VERSION = 1.0;
				PRODUCT_BUNDLE_IDENTIFIER = "com.sihleNtuli.SOMN-ExpenseTrackerTests";
				PRODUCT_NAME = "$(TARGET_NAME)";
				SDKROOT = auto;
				SUPPORTED_PLATFORMS = "iphoneos iphonesimulator macosx";
				SWIFT_EMIT_LOC_STRINGS = NO;
				SWIFT_VERSION = 5.0;
				TARGETED_DEVICE_FAMILY = "1,2";
				TEST_HOST = "$(BUILT_PRODUCTS_DIR)/SOMN-ExpenseTracker.app/$(BUNDLE_EXECUTABLE_FOLDER_PATH)/SOMN-ExpenseTracker";
			};
			name = Release;
		};
		7A2017D42B978CE60020B9F4 /* Debug */ = {
			isa = XCBuildConfiguration;
			buildSettings = {
				ALWAYS_EMBED_SWIFT_STANDARD_LIBRARIES = YES;
				CODE_SIGN_STYLE = Automatic;
				CURRENT_PROJECT_VERSION = 1;
				DEVELOPMENT_TEAM = GNWJZ9ZPJP;
				GENERATE_INFOPLIST_FILE = YES;
				IPHONEOS_DEPLOYMENT_TARGET = 17.2;
				MACOSX_DEPLOYMENT_TARGET = 14.2;
				MARKETING_VERSION = 1.0;
				PRODUCT_BUNDLE_IDENTIFIER = "com.sihleNtuli.SOMN-ExpenseTrackerUITests";
				PRODUCT_NAME = "$(TARGET_NAME)";
				SDKROOT = auto;
				SUPPORTED_PLATFORMS = "iphoneos iphonesimulator macosx";
				SWIFT_EMIT_LOC_STRINGS = NO;
				SWIFT_VERSION = 5.0;
				TARGETED_DEVICE_FAMILY = "1,2";
				TEST_TARGET_NAME = "SOMN-ExpenseTracker";
			};
			name = Debug;
		};
		7A2017D52B978CE60020B9F4 /* Release */ = {
			isa = XCBuildConfiguration;
			buildSettings = {
				ALWAYS_EMBED_SWIFT_STANDARD_LIBRARIES = YES;
				CODE_SIGN_STYLE = Automatic;
				CURRENT_PROJECT_VERSION = 1;
				DEVELOPMENT_TEAM = GNWJZ9ZPJP;
				GENERATE_INFOPLIST_FILE = YES;
				IPHONEOS_DEPLOYMENT_TARGET = 17.2;
				MACOSX_DEPLOYMENT_TARGET = 14.2;
				MARKETING_VERSION = 1.0;
				PRODUCT_BUNDLE_IDENTIFIER = "com.sihleNtuli.SOMN-ExpenseTrackerUITests";
				PRODUCT_NAME = "$(TARGET_NAME)";
				SDKROOT = auto;
				SUPPORTED_PLATFORMS = "iphoneos iphonesimulator macosx";
				SWIFT_EMIT_LOC_STRINGS = NO;
				SWIFT_VERSION = 5.0;
				TARGETED_DEVICE_FAMILY = "1,2";
				TEST_TARGET_NAME = "SOMN-ExpenseTracker";
			};
			name = Release;
		};
/* End XCBuildConfiguration section */

/* Begin XCConfigurationList section */
		7A2017A32B978CE30020B9F4 /* Build configuration list for PBXProject "SOMN-ExpenseTracker" */ = {
			isa = XCConfigurationList;
			buildConfigurations = (
				7A2017CB2B978CE60020B9F4 /* Debug */,
				7A2017CC2B978CE60020B9F4 /* Release */,
			);
			defaultConfigurationIsVisible = 0;
			defaultConfigurationName = Release;
		};
		7A2017CD2B978CE60020B9F4 /* Build configuration list for PBXNativeTarget "SOMN-ExpenseTracker" */ = {
			isa = XCConfigurationList;
			buildConfigurations = (
				7A2017CE2B978CE60020B9F4 /* Debug */,
				7A2017CF2B978CE60020B9F4 /* Release */,
			);
			defaultConfigurationIsVisible = 0;
			defaultConfigurationName = Release;
		};
		7A2017D02B978CE60020B9F4 /* Build configuration list for PBXNativeTarget "SOMN-ExpenseTrackerTests" */ = {
			isa = XCConfigurationList;
			buildConfigurations = (
				7A2017D12B978CE60020B9F4 /* Debug */,
				7A2017D22B978CE60020B9F4 /* Release */,
			);
			defaultConfigurationIsVisible = 0;
			defaultConfigurationName = Release;
		};
		7A2017D32B978CE60020B9F4 /* Build configuration list for PBXNativeTarget "SOMN-ExpenseTrackerUITests" */ = {
			isa = XCConfigurationList;
			buildConfigurations = (
				7A2017D42B978CE60020B9F4 /* Debug */,
				7A2017D52B978CE60020B9F4 /* Release */,
			);
			defaultConfigurationIsVisible = 0;
			defaultConfigurationName = Release;
		};
/* End XCConfigurationList section */
	};
	rootObject = 7A2017A02B978CE30020B9F4 /* Project object */;
}
